
Microsoft Visual Studio Solution File, Format Version 12.00
# Visual Studio 2015
Project("{FAE04EC0-301F-11D3-BF4B-00C04F79EFBC}") = "Beardforce2016.CSharp.Plugins", "Beardforce2016.CSharp.Plugins.csproj", "{6843BA39-8178-FA77-BD7A-79849EF46F12}"
EndProject
Project("{FAE04EC0-301F-11D3-BF4B-00C04F79EFBC}") = "Beardforce2016.CSharp", "Beardforce2016.CSharp.csproj", "{8466AD5B-B50D-2461-717B-6B32158B2F0C}"
EndProject
Project("{FAE04EC0-301F-11D3-BF4B-00C04F79EFBC}") = "Beardforce2016.CSharp.Editor", "Beardforce2016.CSharp.Editor.csproj", "{48C598ED-2C6C-9118-54C9-EC868E574BF6}"
EndProject
Global
	GlobalSection(SolutionConfigurationPlatforms) = preSolution
		Debug|Any CPU = Debug|Any CPU
		Release|Any CPU = Release|Any CPU
	EndGlobalSection
	GlobalSection(ProjectConfigurationPlatforms) = postSolution
		{6843BA39-8178-FA77-BD7A-79849EF46F12}.Debug|Any CPU.ActiveCfg = Debug|Any CPU
		{6843BA39-8178-FA77-BD7A-79849EF46F12}.Debug|Any CPU.Build.0 = Debug|Any CPU
		{6843BA39-8178-FA77-BD7A-79849EF46F12}.Release|Any CPU.ActiveCfg = Release|Any CPU
		{6843BA39-8178-FA77-BD7A-79849EF46F12}.Release|Any CPU.Build.0 = Release|Any CPU
		{8466AD5B-B50D-2461-717B-6B32158B2F0C}.Debug|Any CPU.ActiveCfg = Debug|Any CPU
		{8466AD5B-B50D-2461-717B-6B32158B2F0C}.Debug|Any CPU.Build.0 = Debug|Any CPU
		{8466AD5B-B50D-2461-717B-6B32158B2F0C}.Release|Any CPU.ActiveCfg = Release|Any CPU
		{8466AD5B-B50D-2461-717B-6B32158B2F0C}.Release|Any CPU.Build.0 = Release|Any CPU
		{48C598ED-2C6C-9118-54C9-EC868E574BF6}.Debug|Any CPU.ActiveCfg = Debug|Any CPU
		{48C598ED-2C6C-9118-54C9-EC868E574BF6}.Debug|Any CPU.Build.0 = Debug|Any CPU
		{48C598ED-2C6C-9118-54C9-EC868E574BF6}.Release|Any CPU.ActiveCfg = Release|Any CPU
		{48C598ED-2C6C-9118-54C9-EC868E574BF6}.Release|Any CPU.Build.0 = Release|Any CPU
	EndGlobalSection
	GlobalSection(SolutionProperties) = preSolution
		HideSolutionNode = FALSE
	EndGlobalSection
EndGlobal
